Microsoft Visual Studio Solution File, Format Version 11.00
# Visual Studio 2008

Project("{506016BE-A29C-49E0-59E8-077EB426A0C6}") = "UnityGameRepository", "Assembly-CSharp-vs.csproj", "{E6BABFD7-6441-F8E2-743E-8E5D9671639F}"
EndProject
Project("{506016BE-A29C-49E0-59E8-077EB426A0C6}") = "UnityGameRepository", "Assembly-CSharp-Editor-vs.csproj", "{D63E805D-DDFA-E16B-3010-873F4043E12F}"
EndProject
Global
	GlobalSection(SolutionConfigurationPlatforms) = preSolution
		Debug|Any CPU = Debug|Any CPU
		Release|Any CPU = Release|Any CPU
	EndGlobalSection
	GlobalSection(ProjectConfigurationPlatforms) = postSolution
		{E6BABFD7-6441-F8E2-743E-8E5D9671639F}.Debug|Any CPU.ActiveCfg = Debug|Any CPU
		{E6BABFD7-6441-F8E2-743E-8E5D9671639F}.Debug|Any CPU.Build.0 = Debug|Any CPU
		{E6BABFD7-6441-F8E2-743E-8E5D9671639F}.Release|Any CPU.ActiveCfg = Release|Any CPU
		{E6BABFD7-6441-F8E2-743E-8E5D9671639F}.Release|Any CPU.Build.0 = Release|Any CPU
		{D63E805D-DDFA-E16B-3010-873F4043E12F}.Debug|Any CPU.ActiveCfg = Debug|Any CPU
		{D63E805D-DDFA-E16B-3010-873F4043E12F}.Debug|Any CPU.Build.0 = Debug|Any CPU
		{D63E805D-DDFA-E16B-3010-873F4043E12F}.Release|Any CPU.ActiveCfg = Release|Any CPU
		{D63E805D-DDFA-E16B-3010-873F4043E12F}.Release|Any CPU.Build.0 = Release|Any CPU
	EndGlobalSection
	GlobalSection(SolutionProperties) = preSolution
		HideSolutionNode = FALSE
	EndGlobalSection
																											GlobalSection(MonoDevelopProperties) = preSolution
		StartupItem = Assembly-CSharp.csproj
		Policies = $0
		$0.TextStylePolicy = $1
		$1.inheritsSet = null
		$1.scope = text/x-csharp
		$0.CSharpFormattingPolicy = $2
		$2.inheritsSet = Mono
		$2.inheritsScope = text/x-csharp
		$2.scope = text/x-csharp
		$0.TextStylePolicy = $3
		$3.FileWidth = 120
		$3.TabWidth = 4
		$3.EolMarker = Unix
		$3.inheritsSet = Mono
		$3.inheritsScope = text/plain
		$3.scope = text/plain
	EndGlobalSection

EndGlobal
